{
  "version": "3",
  "packages": {
    "specifiers": {
      "npm:@hono/typebox-validator": "npm:@hono/typebox-validator@0.2.3_@sinclair+typebox@0.32.26_hono@4.2.8",
      "npm:@sinclair/typebox": "npm:@sinclair/typebox@0.32.26",
      "npm:@sinclair/typebox@^0.32.26": "npm:@sinclair/typebox@0.32.26",
      "npm:@slack/web-api": "npm:@slack/web-api@6.9.0",
      "npm:hono": "npm:hono@4.2.8"
    },
    "npm": {
      "@hono/typebox-validator@0.2.3_@sinclair+typebox@0.32.26_hono@4.2.8": {
        "integrity": "sha512-WjR7g6PKFG//yaC82nxmM1ytxSyk8hQjq78bqOfkkZNxGDzWGrhyBTieozrzpXZf9gF29RcSklDpSpNIQhmzFQ==",
        "dependencies": {
          "@sinclair/typebox": "@sinclair/typebox@0.32.26",
          "hono": "hono@4.2.8"
        }
      },
      "@sinclair/typebox@0.32.26": {
        "integrity": "sha512-enTSM8+gUGFsIPSnVU1ApmYd9IZZ8tjVIOB0/RUh0ufxDcRbZdWjElpKIXwpZ9yGXVO/eQTKchnbc+LgC0gfTw==",
        "dependencies": {}
      },
      "@slack/logger@3.0.0": {
        "integrity": "sha512-DTuBFbqu4gGfajREEMrkq5jBhcnskinhr4+AnfJEk48zhVeEv3XnUKGIX98B74kxhYsIMfApGGySTn7V3b5yBA==",
        "dependencies": {
          "@types/node": "@types/node@20.11.28"
        }
      },
      "@slack/types@2.9.0": {
        "integrity": "sha512-YfZGo0xVOmI7CHhiwCmEC33HzjQl1lakNmyo5GPGb4KHKEaUoY7zenAdKsYCJqYwdaM9OL+hqYt/tZ2zgvVc7g==",
        "dependencies": {}
      },
      "@slack/web-api@6.9.0": {
        "integrity": "sha512-RME5/F+jvQmZHkoP+ogrDbixq1Ms1mBmylzuWq4sf3f7GCpMPWoiZ+WqWk+sism3vrlveKWIgO9R4Qg9fiRyoQ==",
        "dependencies": {
          "@slack/logger": "@slack/logger@3.0.0",
          "@slack/types": "@slack/types@2.9.0",
          "@types/is-stream": "@types/is-stream@1.1.0",
          "@types/node": "@types/node@20.11.28",
          "axios": "axios@0.27.2",
          "eventemitter3": "eventemitter3@3.1.2",
          "form-data": "form-data@2.5.1",
          "is-electron": "is-electron@2.2.2",
          "is-stream": "is-stream@1.1.0",
          "p-queue": "p-queue@6.6.2",
          "p-retry": "p-retry@4.6.2"
        }
      },
      "@types/is-stream@1.1.0": {
        "integrity": "sha512-jkZatu4QVbR60mpIzjINmtS1ZF4a/FqdTUTBeQDVOQ2PYyidtwFKr0B5G6ERukKwliq+7mIXvxyppwzG5EgRYg==",
        "dependencies": {
          "@types/node": "@types/node@18.16.19"
        }
      },
      "@types/node@18.16.19": {
        "integrity": "sha512-IXl7o+R9iti9eBW4Wg2hx1xQDig183jj7YLn8F7udNceyfkbn1ZxmzZXuak20gR40D7pIkIY1kYGx5VIGbaHKA==",
        "dependencies": {}
      },
      "@types/node@20.11.28": {
        "integrity": "sha512-M/GPWVS2wLkSkNHVeLkrF2fD5Lx5UC4PxA0uZcKc6QqbIQUJyW1jVjueJYi1z8n0I5PxYrtpnPnWglE+y9A0KA==",
        "dependencies": {
          "undici-types": "undici-types@5.26.5"
        }
      },
      "@types/retry@0.12.0": {
        "integrity": "sha512-wWKOClTTiizcZhXnPY4wikVAwmdYHp8q6DmC+EJUzAMsycb7HB32Kh9RN4+0gExjmPmZSAQjgURXIGATPegAvA==",
        "dependencies": {}
      },
      "asynckit@0.4.0": {
        "integrity": "sha512-Oei9OH4tRh0YqU3GxhX79dM/mwVgvbZJaSNaRk+bshkj0S5cfHcgYakreBjrHwatXKbz+IoIdYLxrKim2MjW0Q==",
        "dependencies": {}
      },
      "axios@0.27.2": {
        "integrity": "sha512-t+yRIyySRTp/wua5xEr+z1q60QmLq8ABsS5O9Me1AsE5dfKqgnCFzwiCZZ/cGNd1lq4/7akDWMxdhVlucjmnOQ==",
        "dependencies": {
          "follow-redirects": "follow-redirects@1.15.2",
          "form-data": "form-data@4.0.0"
        }
      },
      "combined-stream@1.0.8": {
        "integrity": "sha512-FQN4MRfuJeHf7cBbBMJFXhKSDq+2kAArBlmRBvcvFE5BB1HZKXtSFASDhdlz9zOYwxh8lDdnvmMOe/+5cdoEdg==",
        "dependencies": {
          "delayed-stream": "delayed-stream@1.0.0"
        }
      },
      "delayed-stream@1.0.0": {
        "integrity": "sha512-ZySD7Nf91aLB0RxL4KGrKHBXl7Eds1DAmEdcoVawXnLD7SDhpNgtuII2aAkg7a7QS41jxPSZ17p4VdGnMHk3MQ==",
        "dependencies": {}
      },
      "eventemitter3@3.1.2": {
        "integrity": "sha512-tvtQIeLVHjDkJYnzf2dgVMxfuSGJeM/7UCG17TT4EumTfNtF+0nebF/4zWOIkCreAbtNqhGEboB6BWrwqNaw4Q==",
        "dependencies": {}
      },
      "eventemitter3@4.0.7": {
        "integrity": "sha512-8guHBZCwKnFhYdHr2ysuRWErTwhoN2X8XELRlrRwpmfeY2jjuUN4taQMsULKUVo1K4DvZl+0pgfyoysHxvmvEw==",
        "dependencies": {}
      },
      "follow-redirects@1.15.2": {
        "integrity": "sha512-VQLG33o04KaQ8uYi2tVNbdrWp1QWxNNea+nmIB4EVM28v0hmP17z7aG1+wAkNzVq4KeXTq3221ye5qTJP91JwA==",
        "dependencies": {}
      },
      "form-data@2.5.1": {
        "integrity": "sha512-m21N3WOmEEURgk6B9GLOE4RuWOFf28Lhh9qGYeNlGq4VDXUlJy2th2slBNU8Gp8EzloYZOibZJ7t5ecIrFSjVA==",
        "dependencies": {
          "asynckit": "asynckit@0.4.0",
          "combined-stream": "combined-stream@1.0.8",
          "mime-types": "mime-types@2.1.35"
        }
      },
      "form-data@4.0.0": {
        "integrity": "sha512-ETEklSGi5t0QMZuiXoA/Q6vcnxcLQP5vdugSpuAyi6SVGi2clPPp+xgEhuMaHC+zGgn31Kd235W35f7Hykkaww==",
        "dependencies": {
          "asynckit": "asynckit@0.4.0",
          "combined-stream": "combined-stream@1.0.8",
          "mime-types": "mime-types@2.1.35"
        }
      },
      "hono@4.2.8": {
        "integrity": "sha512-re/zNrOWb7Sp9KhojlMEgcgvqsE8Rgk9IcmumqsbKa9ruPT5XuOcx1U+xuNaI4SUnwrPsiTQ72MiodtpJEVfjg==",
        "dependencies": {}
      },
      "is-electron@2.2.2": {
        "integrity": "sha512-FO/Rhvz5tuw4MCWkpMzHFKWD2LsfHzIb7i6MdPYZ/KW7AlxawyLkqdy+jPZP1WubqEADE3O4FUENlJHDfQASRg==",
        "dependencies": {}
      },
      "is-stream@1.1.0": {
        "integrity": "sha512-uQPm8kcs47jx38atAcWTVxyltQYoPT68y9aWYdV6yWXSyW8mzSat0TL6CiWdZeCdF3KrAvpVtnHbTv4RN+rqdQ==",
        "dependencies": {}
      },
      "mime-db@1.52.0": {
        "integrity": "sha512-sPU4uV7dYlvtWJxwwxHD0PuihVNiE7TyAbQ5SWxDCB9mUYvOgroQOwYQQOKPJ8CIbE+1ETVlOoK1UC2nU3gYvg==",
        "dependencies": {}
      },
      "mime-types@2.1.35": {
        "integrity": "sha512-ZDY+bPm5zTTF+YpCrAU9nK0UgICYPT0QtT1NZWFv4s++TNkcgVaT0g6+4R2uI4MjQjzysHB1zxuWL50hzaeXiw==",
        "dependencies": {
          "mime-db": "mime-db@1.52.0"
        }
      },
      "p-finally@1.0.0": {
        "integrity": "sha512-LICb2p9CB7FS+0eR1oqWnHhp0FljGLZCWBE9aix0Uye9W8LTQPwMTYVGWQWIw9RdQiDg4+epXQODwIYJtSJaow==",
        "dependencies": {}
      },
      "p-queue@6.6.2": {
        "integrity": "sha512-RwFpb72c/BhQLEXIZ5K2e+AhgNVmIejGlTgiB9MzZ0e93GRvqZ7uSi0dvRF7/XIXDeNkra2fNHBxTyPDGySpjQ==",
        "dependencies": {
          "eventemitter3": "eventemitter3@4.0.7",
          "p-timeout": "p-timeout@3.2.0"
        }
      },
      "p-retry@4.6.2": {
        "integrity": "sha512-312Id396EbJdvRONlngUx0NydfrIQ5lsYu0znKVUzVvArzEIt08V1qhtyESbGVd1FGX7UKtiFp5uwKZdM8wIuQ==",
        "dependencies": {
          "@types/retry": "@types/retry@0.12.0",
          "retry": "retry@0.13.1"
        }
      },
      "p-timeout@3.2.0": {
        "integrity": "sha512-rhIwUycgwwKcP9yTOOFK/AKsAopjjCakVqLHePO3CC6Mir1Z99xT+R63jZxAT5lFZLa2inS5h+ZS2GvR99/FBg==",
        "dependencies": {
          "p-finally": "p-finally@1.0.0"
        }
      },
      "retry@0.13.1": {
        "integrity": "sha512-XQBQ3I8W1Cge0Seh+6gjj03LbmRFWuoszgK9ooCpwYIrhhoO80pfq4cUkU5DkknwfOfFteRwlZ56PYOGYyFWdg==",
        "dependencies": {}
      },
      "undici-types@5.26.5": {
        "integrity": "sha512-JlCMO+ehdEIKqlFxk6IfVoAUVmgz7cU7zD/h9XZ0qzeosSHmUJVOzSQvvYSYWXkFXC+IfLKSIffhv0sVZup6pA==",
        "dependencies": {}
      }
    }
  },
  "remote": {
    "https://deno.land/x/hono@v4.2.8/client/client.ts": "b8058bbf12cd6e529e1a67c6afd069510371770430c97dbd182ffa5980fa7ee7",
    "https://deno.land/x/hono@v4.2.8/client/index.ts": "30def535310a37bede261f1b23d11a9758983b8e9d60a6c56309cee5f6746ab2",
    "https://deno.land/x/hono@v4.2.8/client/types.ts": "6d52bda7b6ff5ba9acebfe91836fd9fb1e2052d78152607749dbb367d7994508",
    "https://deno.land/x/hono@v4.2.8/client/utils.ts": "8be84b49c5c7952666875a8e901fde3044c85c853ea6ba3a7e2c0468478459c0",
    "https://deno.land/x/hono@v4.2.8/compose.ts": "37d6e33b7db80e4c43a0629b12fd3a1e3406e7d9e62a4bfad4b30426ea7ae4f1",
    "https://deno.land/x/hono@v4.2.8/context.ts": "7ddad1f2e00b2a8846605277b874c58ebc981c82922a205747e3681914ca209c",
    "https://deno.land/x/hono@v4.2.8/helper/cookie/index.ts": "80b98f8a014e8b03a9130cce9fb03f6175f82a64367e954d120634f8543556e2",
    "https://deno.land/x/hono@v4.2.8/helper/websocket/index.ts": "5cd0a58d90c1a5cc219c2ef785e7d37d9d21f9a0b1a0aa00af1e6cb06ca1dc35",
    "https://deno.land/x/hono@v4.2.8/hono-base.ts": "2a508c026687a1fc12c0458e100e66d5d72e17f6e6532b407d19663aa7300327",
    "https://deno.land/x/hono@v4.2.8/hono.ts": "23edd0140bf0bd5a68c14ae96e5856a5cec6b844277e853b91025e91ea74f416",
    "https://deno.land/x/hono@v4.2.8/http-exception.ts": "cd387c6f7357db375ac3375f0346c6da80b46193b661881f660d6b15293fc086",
    "https://deno.land/x/hono@v4.2.8/mod.ts": "35fd2a2e14b52365e0ad66f168b067363fd0a60d75cbcb1b01685b04de97d60e",
    "https://deno.land/x/hono@v4.2.8/request.ts": "6f6e435955667425391f7626f4aa088211e33689a709ff9c4417746fc0b0dd96",
    "https://deno.land/x/hono@v4.2.8/router.ts": "880316f561918fc197481755aac2165fdbe2f530b925c5357a9f98d6e2cc85c7",
    "https://deno.land/x/hono@v4.2.8/router/linear-router/index.ts": "8a2a7144c50b1f4a92d9ee99c2c396716af144c868e10608255f969695efccd0",
    "https://deno.land/x/hono@v4.2.8/router/linear-router/router.ts": "928d29894e4b45b047a4f453c7f1745c8b1869cd68447e1cb710c7bbf99a4e29",
    "https://deno.land/x/hono@v4.2.8/router/pattern-router/index.ts": "304a66c50e243872037ed41c7dd79ed0c89d815e17e172e7ad7cdc4bc07d3383",
    "https://deno.land/x/hono@v4.2.8/router/pattern-router/router.ts": "1b5f68e6af942579d3a40ee834294fea3d1f05fd5f70514e46ae301dd0107e46",
    "https://deno.land/x/hono@v4.2.8/router/reg-exp-router/index.ts": "52755829213941756159b7a963097bafde5cc4fc22b13b1c7c9184dc0512d1db",
    "https://deno.land/x/hono@v4.2.8/router/reg-exp-router/node.ts": "7efaa6f4301efc2aad0519c84973061be8555da02e5868409293a1fd98536aaf",
    "https://deno.land/x/hono@v4.2.8/router/reg-exp-router/router.ts": "632f2fa426b3e45a66aeed03f7205dad6d13e8081bed6f8d1d987b6cad8fb455",
    "https://deno.land/x/hono@v4.2.8/router/reg-exp-router/trie.ts": "852ce7207e6701e47fa30889a0d2b8bfcd56d8862c97e7bc9831e0a64bd8835f",
    "https://deno.land/x/hono@v4.2.8/router/smart-router/index.ts": "74f9b4fe15ea535900f2b9b048581915f12fe94e531dd2b0032f5610e61c3bef",
    "https://deno.land/x/hono@v4.2.8/router/smart-router/router.ts": "f1848a2a1eefa316a11853ae12e749552747771fb8a11fe713ae04ea6461140b",
    "https://deno.land/x/hono@v4.2.8/router/trie-router/index.ts": "3eb75e7f71ba81801631b30de6b1f5cefb2c7239c03797e2b2cbab5085911b41",
    "https://deno.land/x/hono@v4.2.8/router/trie-router/node.ts": "d3e00e8f1ba7fb26896459d5bba882356891a07793387c4655d1864c519a91de",
    "https://deno.land/x/hono@v4.2.8/router/trie-router/router.ts": "54ced78d35676302c8fcdda4204f7bdf5a7cc907fbf9967c75674b1e394f830d",
    "https://deno.land/x/hono@v4.2.8/types.ts": "99126f2f581dd239df1ace7c8fea139ae150cc950b4bb5cae2290bbbb207964d",
    "https://deno.land/x/hono@v4.2.8/utils/body.ts": "1c7013f83bbef8216b3d862111efd5a183eaa29e86decf9a7eec6cdf25757e93",
    "https://deno.land/x/hono@v4.2.8/utils/buffer.ts": "9066a973e64498cb262c7e932f47eed525a51677b17f90893862b7279dc0773e",
    "https://deno.land/x/hono@v4.2.8/utils/cookie.ts": "6eaaf6909a4ae11f6c82404e9398e1c247e3f1854d73994a9e2e6fc3cdf7b584",
    "https://deno.land/x/hono@v4.2.8/utils/crypto.ts": "bda0e141bbe46d3a4a20f8fbcb6380d473b617123d9fdfa93e4499410b537acc",
    "https://deno.land/x/hono@v4.2.8/utils/html.ts": "6ea4f6bf41587a51607dff7a6d2865ef4d5001e4203b07e5c8a45b63a098e871",
    "https://deno.land/x/hono@v4.2.8/utils/http-status.ts": "f5b820f2793e45209f34deddf147b23e3133a89eb4c57dc643759a504706636b",
    "https://deno.land/x/hono@v4.2.8/utils/types.ts": "eed78020cecba38e7880a8b22532a8607a1be81fdd335d582fa78d17f59ecbb7",
    "https://deno.land/x/hono@v4.2.8/utils/url.ts": "855169632c61d03703bd08cafb27664ba3fdb352892f01687d5cce8fd49e3cb1",
    "https://deno.land/x/hono@v4.2.8/validator/index.ts": "6c986e8b91dcf857ecc8164a506ae8eea8665792a4ff7215471df669c632ae7c",
    "https://deno.land/x/hono@v4.2.8/validator/validator.ts": "99618538b9b283d854656f7375169c0b5006c7198d64be1dfcd79fc6ea01628a"
  },
  "workspace": {
    "dependencies": [
      "npm:@hono/typebox-validator@^0.2.3",
      "npm:@sinclair/typebox@^0.32.26",
      "npm:@slack/web-api@^7.0.4"
    ]
  }
}
